{
  "version": 4,
  "terraform_version": "0.13.5",
  "serial": 2,
  "lineage": "7fde5268-8369-26f9-87e4-6ac960fa4b92",
  "outputs": {
    "TestVal": {
      "value": "test value!",
      "type": "string"
    },
    "main_vpc_id": {
      "value": "vpc-097bf12e551d141ff",
      "type": "string"
    }
  },
  "resources": [
    {
      "mode": "managed",
      "type": "aws_vpc",
      "name": "vpc",
      "provider": "provider[\"registry.terraform.io/hashicorp/aws\"]",
      "instances": [
        {
          "schema_version": 1,
          "attributes": {
            "arn": "arn:aws:ec2:ap-northeast-1:554675426276:vpc/vpc-097bf12e551d141ff",
            "assign_generated_ipv6_cidr_block": false,
            "cidr_block": "10.10.0.0/16",
            "default_network_acl_id": "acl-03afc8eb32dfc9200",
            "default_route_table_id": "rtb-0662519db42b6d173",
            "default_security_group_id": "sg-09c099eb7cf70339c",
            "dhcp_options_id": "dopt-ab0d3fcc",
            "enable_classiclink": false,
            "enable_classiclink_dns_support": false,
            "enable_dns_hostnames": false,
            "enable_dns_support": true,
            "id": "vpc-097bf12e551d141ff",
            "instance_tenancy": "default",
            "ipv6_association_id": "",
            "ipv6_cidr_block": "",
            "main_route_table_id": "rtb-0662519db42b6d173",
            "owner_id": "554675426276",
            "tags": {
              "Name": "TF-test-git"
            }
          },
          "private": "eyJzY2hlbWFfdmVyc2lvbiI6IjEifQ=="
        }
      ]
    }
  ]
}
